
Microsoft Visual Studio Solution File, Format Version 12.00
# Visual Studio Version 17
VisualStudioVersion = 17.0.31903.59
MinimumVisualStudioVersion = 10.0.40219.1
Project("{2150E333-8FDC-42A3-9474-1A3956D46DE8}") = "src", "src", "{827E0CD3-B72D-47B6-A68D-7590B98EB39B}"
EndProject
Project("{FAE04EC0-301F-11D3-BF4B-00C04F79EFBC}") = "ArchUnitSharp.Common", "src\ArchUnitSharp.Common\ArchUnitSharp.Common.csproj", "{0ADDC860-D8B1-4C6D-8840-EAF39A2B7479}"
EndProject
Project("{2150E333-8FDC-42A3-9474-1A3956D46DE8}") = "tests", "tests", "{0AB3BF05-4346-4AA6-1389-037BE0695223}"
EndProject
Project("{FAE04EC0-301F-11D3-BF4B-00C04F79EFBC}") = "ArchUnitSharp.Common.Tests", "tests\ArchUnitSharp.Common.Tests\ArchUnitSharp.Common.Tests.csproj", "{8418C3FE-C688-462B-9C7E-7F05D39E366E}"
EndProject
Project("{FAE04EC0-301F-11D3-BF4B-00C04F79EFBC}") = "ArchUnitSharp.Extraction", "src\ArchUnitSharp.Extraction\ArchUnitSharp.Extraction.csproj", "{E7200311-F8B8-402E-9514-A8634EEC9BF7}"
EndProject
Project("{FAE04EC0-301F-11D3-BF4B-00C04F79EFBC}") = "ArchUnitSharp.Extraction.Tests", "tests\ArchUnitSharp.Extraction.Tests\ArchUnitSharp.Extraction.Tests.csproj", "{96E985FC-8EC1-4A85-9CAD-B4CC46006850}"
EndProject
Project("{FAE04EC0-301F-11D3-BF4B-00C04F79EFBC}") = "ArchUnitSharp.Projection", "src\ArchUnitSharp.Projection\ArchUnitSharp.Projection.csproj", "{86391A6B-2912-4C87-BF7A-F975E0F6A147}"
EndProject
Project("{FAE04EC0-301F-11D3-BF4B-00C04F79EFBC}") = "ArchUnitSharp.Projection.Tests", "tests\ArchUnitSharp.Projection.Tests\ArchUnitSharp.Projection.Tests.csproj", "{557075BA-4790-4F6B-82EC-156872D5D2E6}"
EndProject
Project("{FAE04EC0-301F-11D3-BF4B-00C04F79EFBC}") = "ArchUnitSharp.Files", "src\ArchUnitSharp.Files\ArchUnitSharp.Files.csproj", "{17133389-6004-4C20-8C85-1AFDD2F809D6}"
EndProject
Project("{FAE04EC0-301F-11D3-BF4B-00C04F79EFBC}") = "ArchUnitSharp", "src\ArchUnitSharp\ArchUnitSharp.csproj", "{E744D077-A616-463D-9559-88E1EFE445F9}"
EndProject
Project("{FAE04EC0-301F-11D3-BF4B-00C04F79EFBC}") = "ArchUnitSharp.Files.Tests", "tests\ArchUnitSharp.Files.Tests\ArchUnitSharp.Files.Tests.csproj", "{12E52086-4E28-4BE5-8599-F8B0A8D23558}"
EndProject
Project("{FAE04EC0-301F-11D3-BF4B-00C04F79EFBC}") = "ArchUnitSharp.Tests", "tests\ArchUnitSharp.Tests\ArchUnitSharp.Tests.csproj", "{3C461E96-EEDC-4D04-8B0A-9018140F92CA}"
EndProject
Project("{FAE04EC0-301F-11D3-BF4B-00C04F79EFBC}") = "ArchUnitSharp.Testing", "src\ArchUnitSharp.Testing\ArchUnitSharp.Testing.csproj", "{940A4CE0-CC48-4E55-BF26-966E7ACB7260}"
EndProject
Project("{FAE04EC0-301F-11D3-BF4B-00C04F79EFBC}") = "ArchUnitSharp.Testing.Tests", "tests\ArchUnitSharp.Testing.Tests\ArchUnitSharp.Testing.Tests.csproj", "{3B1E037D-E846-4E3F-A844-3AC98C837056}"
EndProject
Project("{FAE04EC0-301F-11D3-BF4B-00C04F79EFBC}") = "ArchUnitSharp.Testing.Xunit", "src\ArchUnitSharp.Testing.Xunit\ArchUnitSharp.Testing.Xunit.csproj", "{EEFEFD1F-444A-4083-A16B-4E036203B25E}"
EndProject
Project("{FAE04EC0-301F-11D3-BF4B-00C04F79EFBC}") = "ArchUnitSharp.Testing.Xunit.Tests", "tests\ArchUnitSharp.Testing.Xunit.Tests\ArchUnitSharp.Testing.Xunit.Tests.csproj", "{7F99DC96-8672-4BD1-A818-DE6B3A58DC8F}"
EndProject
Project("{FAE04EC0-301F-11D3-BF4B-00C04F79EFBC}") = "ArchUnitSharp.Layers", "src\ArchUnitSharp.Layers\ArchUnitSharp.Layers.csproj", "{9223C8FB-8E70-4392-BFEA-F1A84D69AF7F}"
EndProject
Project("{FAE04EC0-301F-11D3-BF4B-00C04F79EFBC}") = "ArchUnitSharp.Layers.Tests", "tests\ArchUnitSharp.Layers.Tests\ArchUnitSharp.Layers.Tests.csproj", "{5D5B8B02-7492-41FB-8160-F45A5D8C2402}"
EndProject
Project("{FAE04EC0-301F-11D3-BF4B-00C04F79EFBC}") = "ArchUnitSharp.Graph", "src\ArchUnitSharp.Graph\ArchUnitSharp.Graph.csproj", "{AABC1586-70B6-4224-AA30-4F64833EC18A}"
EndProject
Project("{FAE04EC0-301F-11D3-BF4B-00C04F79EFBC}") = "ArchUnitSharp.Graph.Tests", "tests\ArchUnitSharp.Graph.Tests\ArchUnitSharp.Graph.Tests.csproj", "{5E7921A7-A858-4A2F-BF17-FB76D74A9025}"
EndProject
Global
	GlobalSection(SolutionConfigurationPlatforms) = preSolution
		Debug|Any CPU = Debug|Any CPU
		Debug|x64 = Debug|x64
		Debug|x86 = Debug|x86
		Release|Any CPU = Release|Any CPU
		Release|x64 = Release|x64
		Release|x86 = Release|x86
	EndGlobalSection
	GlobalSection(ProjectConfigurationPlatforms) = postSolution
		{0ADDC860-D8B1-4C6D-8840-EAF39A2B7479}.Debug|Any CPU.ActiveCfg = Debug|Any CPU
		{0ADDC860-D8B1-4C6D-8840-EAF39A2B7479}.Debug|Any CPU.Build.0 = Debug|Any CPU
		{0ADDC860-D8B1-4C6D-8840-EAF39A2B7479}.Debug|x64.ActiveCfg = Debug|Any CPU
		{0ADDC860-D8B1-4C6D-8840-EAF39A2B7479}.Debug|x64.Build.0 = Debug|Any CPU
		{0ADDC860-D8B1-4C6D-8840-EAF39A2B7479}.Debug|x86.ActiveCfg = Debug|Any CPU
		{0ADDC860-D8B1-4C6D-8840-EAF39A2B7479}.Debug|x86.Build.0 = Debug|Any CPU
		{0ADDC860-D8B1-4C6D-8840-EAF39A2B7479}.Release|Any CPU.ActiveCfg = Release|Any CPU
		{0ADDC860-D8B1-4C6D-8840-EAF39A2B7479}.Release|Any CPU.Build.0 = Release|Any CPU
		{0ADDC860-D8B1-4C6D-8840-EAF39A2B7479}.Release|x64.ActiveCfg = Release|Any CPU
		{0ADDC860-D8B1-4C6D-8840-EAF39A2B7479}.Release|x64.Build.0 = Release|Any CPU
		{0ADDC860-D8B1-4C6D-8840-EAF39A2B7479}.Release|x86.ActiveCfg = Release|Any CPU
		{0ADDC860-D8B1-4C6D-8840-EAF39A2B7479}.Release|x86.Build.0 = Release|Any CPU
		{8418C3FE-C688-462B-9C7E-7F05D39E366E}.Debug|Any CPU.ActiveCfg = Debug|Any CPU
		{8418C3FE-C688-462B-9C7E-7F05D39E366E}.Debug|Any CPU.Build.0 = Debug|Any CPU
		{8418C3FE-C688-462B-9C7E-7F05D39E366E}.Debug|x64.ActiveCfg = Debug|Any CPU
		{8418C3FE-C688-462B-9C7E-7F05D39E366E}.Debug|x64.Build.0 = Debug|Any CPU
		{8418C3FE-C688-462B-9C7E-7F05D39E366E}.Debug|x86.ActiveCfg = Debug|Any CPU
		{8418C3FE-C688-462B-9C7E-7F05D39E366E}.Debug|x86.Build.0 = Debug|Any CPU
		{8418C3FE-C688-462B-9C7E-7F05D39E366E}.Release|Any CPU.ActiveCfg = Release|Any CPU
		{8418C3FE-C688-462B-9C7E-7F05D39E366E}.Release|Any CPU.Build.0 = Release|Any CPU
		{8418C3FE-C688-462B-9C7E-7F05D39E366E}.Release|x64.ActiveCfg = Release|Any CPU
		{8418C3FE-C688-462B-9C7E-7F05D39E366E}.Release|x64.Build.0 = Release|Any CPU
		{8418C3FE-C688-462B-9C7E-7F05D39E366E}.Release|x86.ActiveCfg = Release|Any CPU
		{8418C3FE-C688-462B-9C7E-7F05D39E366E}.Release|x86.Build.0 = Release|Any CPU
		{E7200311-F8B8-402E-9514-A8634EEC9BF7}.Debug|Any CPU.ActiveCfg = Debug|Any CPU
		{E7200311-F8B8-402E-9514-A8634EEC9BF7}.Debug|Any CPU.Build.0 = Debug|Any CPU
		{E7200311-F8B8-402E-9514-A8634EEC9BF7}.Debug|x64.ActiveCfg = Debug|Any CPU
		{E7200311-F8B8-402E-9514-A8634EEC9BF7}.Debug|x64.Build.0 = Debug|Any CPU
		{E7200311-F8B8-402E-9514-A8634EEC9BF7}.Debug|x86.ActiveCfg = Debug|Any CPU
		{E7200311-F8B8-402E-9514-A8634EEC9BF7}.Debug|x86.Build.0 = Debug|Any CPU
		{E7200311-F8B8-402E-9514-A8634EEC9BF7}.Release|Any CPU.ActiveCfg = Release|Any CPU
		{E7200311-F8B8-402E-9514-A8634EEC9BF7}.Release|Any CPU.Build.0 = Release|Any CPU
		{E7200311-F8B8-402E-9514-A8634EEC9BF7}.Release|x64.ActiveCfg = Release|Any CPU
		{E7200311-F8B8-402E-9514-A8634EEC9BF7}.Release|x64.Build.0 = Release|Any CPU
		{E7200311-F8B8-402E-9514-A8634EEC9BF7}.Release|x86.ActiveCfg = Release|Any CPU
		{E7200311-F8B8-402E-9514-A8634EEC9BF7}.Release|x86.Build.0 = Release|Any CPU
		{96E985FC-8EC1-4A85-9CAD-B4CC46006850}.Debug|Any CPU.ActiveCfg = Debug|Any CPU
		{96E985FC-8EC1-4A85-9CAD-B4CC46006850}.Debug|Any CPU.Build.0 = Debug|Any CPU
		{96E985FC-8EC1-4A85-9CAD-B4CC46006850}.Debug|x64.ActiveCfg = Debug|Any CPU
		{96E985FC-8EC1-4A85-9CAD-B4CC46006850}.Debug|x64.Build.0 = Debug|Any CPU
		{96E985FC-8EC1-4A85-9CAD-B4CC46006850}.Debug|x86.ActiveCfg = Debug|Any CPU
		{96E985FC-8EC1-4A85-9CAD-B4CC46006850}.Debug|x86.Build.0 = Debug|Any CPU
		{96E985FC-8EC1-4A85-9CAD-B4CC46006850}.Release|Any CPU.ActiveCfg = Release|Any CPU
		{96E985FC-8EC1-4A85-9CAD-B4CC46006850}.Release|Any CPU.Build.0 = Release|Any CPU
		{96E985FC-8EC1-4A85-9CAD-B4CC46006850}.Release|x64.ActiveCfg = Release|Any CPU
		{96E985FC-8EC1-4A85-9CAD-B4CC46006850}.Release|x64.Build.0 = Release|Any CPU
		{96E985FC-8EC1-4A85-9CAD-B4CC46006850}.Release|x86.ActiveCfg = Release|Any CPU
		{96E985FC-8EC1-4A85-9CAD-B4CC46006850}.Release|x86.Build.0 = Release|Any CPU
		{86391A6B-2912-4C87-BF7A-F975E0F6A147}.Debug|Any CPU.ActiveCfg = Debug|Any CPU
		{86391A6B-2912-4C87-BF7A-F975E0F6A147}.Debug|Any CPU.Build.0 = Debug|Any CPU
		{86391A6B-2912-4C87-BF7A-F975E0F6A147}.Debug|x64.ActiveCfg = Debug|Any CPU
		{86391A6B-2912-4C87-BF7A-F975E0F6A147}.Debug|x64.Build.0 = Debug|Any CPU
		{86391A6B-2912-4C87-BF7A-F975E0F6A147}.Debug|x86.ActiveCfg = Debug|Any CPU
		{86391A6B-2912-4C87-BF7A-F975E0F6A147}.Debug|x86.Build.0 = Debug|Any CPU
		{86391A6B-2912-4C87-BF7A-F975E0F6A147}.Release|Any CPU.ActiveCfg = Release|Any CPU
		{86391A6B-2912-4C87-BF7A-F975E0F6A147}.Release|Any CPU.Build.0 = Release|Any CPU
		{86391A6B-2912-4C87-BF7A-F975E0F6A147}.Release|x64.ActiveCfg = Release|Any CPU
		{86391A6B-2912-4C87-BF7A-F975E0F6A147}.Release|x64.Build.0 = Release|Any CPU
		{86391A6B-2912-4C87-BF7A-F975E0F6A147}.Release|x86.ActiveCfg = Release|Any CPU
		{86391A6B-2912-4C87-BF7A-F975E0F6A147}.Release|x86.Build.0 = Release|Any CPU
		{557075BA-4790-4F6B-82EC-156872D5D2E6}.Debug|Any CPU.ActiveCfg = Debug|Any CPU
		{557075BA-4790-4F6B-82EC-156872D5D2E6}.Debug|Any CPU.Build.0 = Debug|Any CPU
		{557075BA-4790-4F6B-82EC-156872D5D2E6}.Debug|x64.ActiveCfg = Debug|Any CPU
		{557075BA-4790-4F6B-82EC-156872D5D2E6}.Debug|x64.Build.0 = Debug|Any CPU
		{557075BA-4790-4F6B-82EC-156872D5D2E6}.Debug|x86.ActiveCfg = Debug|Any CPU
		{557075BA-4790-4F6B-82EC-156872D5D2E6}.Debug|x86.Build.0 = Debug|Any CPU
		{557075BA-4790-4F6B-82EC-156872D5D2E6}.Release|Any CPU.ActiveCfg = Release|Any CPU
		{557075BA-4790-4F6B-82EC-156872D5D2E6}.Release|Any CPU.Build.0 = Release|Any CPU
		{557075BA-4790-4F6B-82EC-156872D5D2E6}.Release|x64.ActiveCfg = Release|Any CPU
		{557075BA-4790-4F6B-82EC-156872D5D2E6}.Release|x64.Build.0 = Release|Any CPU
		{557075BA-4790-4F6B-82EC-156872D5D2E6}.Release|x86.ActiveCfg = Release|Any CPU
		{557075BA-4790-4F6B-82EC-156872D5D2E6}.Release|x86.Build.0 = Release|Any CPU
		{17133389-6004-4C20-8C85-1AFDD2F809D6}.Debug|Any CPU.ActiveCfg = Debug|Any CPU
		{17133389-6004-4C20-8C85-1AFDD2F809D6}.Debug|Any CPU.Build.0 = Debug|Any CPU
		{17133389-6004-4C20-8C85-1AFDD2F809D6}.Debug|x64.ActiveCfg = Debug|Any CPU
		{17133389-6004-4C20-8C85-1AFDD2F809D6}.Debug|x64.Build.0 = Debug|Any CPU
		{17133389-6004-4C20-8C85-1AFDD2F809D6}.Debug|x86.ActiveCfg = Debug|Any CPU
		{17133389-6004-4C20-8C85-1AFDD2F809D6}.Debug|x86.Build.0 = Debug|Any CPU
		{17133389-6004-4C20-8C85-1AFDD2F809D6}.Release|Any CPU.ActiveCfg = Release|Any CPU
		{17133389-6004-4C20-8C85-1AFDD2F809D6}.Release|Any CPU.Build.0 = Release|Any CPU
		{17133389-6004-4C20-8C85-1AFDD2F809D6}.Release|x64.ActiveCfg = Release|Any CPU
		{17133389-6004-4C20-8C85-1AFDD2F809D6}.Release|x64.Build.0 = Release|Any CPU
		{17133389-6004-4C20-8C85-1AFDD2F809D6}.Release|x86.ActiveCfg = Release|Any CPU
		{17133389-6004-4C20-8C85-1AFDD2F809D6}.Release|x86.Build.0 = Release|Any CPU
		{E744D077-A616-463D-9559-88E1EFE445F9}.Debug|Any CPU.ActiveCfg = Debug|Any CPU
		{E744D077-A616-463D-9559-88E1EFE445F9}.Debug|Any CPU.Build.0 = Debug|Any CPU
		{E744D077-A616-463D-9559-88E1EFE445F9}.Debug|x64.ActiveCfg = Debug|Any CPU
		{E744D077-A616-463D-9559-88E1EFE445F9}.Debug|x64.Build.0 = Debug|Any CPU
		{E744D077-A616-463D-9559-88E1EFE445F9}.Debug|x86.ActiveCfg = Debug|Any CPU
		{E744D077-A616-463D-9559-88E1EFE445F9}.Debug|x86.Build.0 = Debug|Any CPU
		{E744D077-A616-463D-9559-88E1EFE445F9}.Release|Any CPU.ActiveCfg = Release|Any CPU
		{E744D077-A616-463D-9559-88E1EFE445F9}.Release|Any CPU.Build.0 = Release|Any CPU
		{E744D077-A616-463D-9559-88E1EFE445F9}.Release|x64.ActiveCfg = Release|Any CPU
		{E744D077-A616-463D-9559-88E1EFE445F9}.Release|x64.Build.0 = Release|Any CPU
		{E744D077-A616-463D-9559-88E1EFE445F9}.Release|x86.ActiveCfg = Release|Any CPU
		{E744D077-A616-463D-9559-88E1EFE445F9}.Release|x86.Build.0 = Release|Any CPU
		{12E52086-4E28-4BE5-8599-F8B0A8D23558}.Debug|Any CPU.ActiveCfg = Debug|Any CPU
		{12E52086-4E28-4BE5-8599-F8B0A8D23558}.Debug|Any CPU.Build.0 = Debug|Any CPU
		{12E52086-4E28-4BE5-8599-F8B0A8D23558}.Debug|x64.ActiveCfg = Debug|Any CPU
		{12E52086-4E28-4BE5-8599-F8B0A8D23558}.Debug|x64.Build.0 = Debug|Any CPU
		{12E52086-4E28-4BE5-8599-F8B0A8D23558}.Debug|x86.ActiveCfg = Debug|Any CPU
		{12E52086-4E28-4BE5-8599-F8B0A8D23558}.Debug|x86.Build.0 = Debug|Any CPU
		{12E52086-4E28-4BE5-8599-F8B0A8D23558}.Release|Any CPU.ActiveCfg = Release|Any CPU
		{12E52086-4E28-4BE5-8599-F8B0A8D23558}.Release|Any CPU.Build.0 = Release|Any CPU
		{12E52086-4E28-4BE5-8599-F8B0A8D23558}.Release|x64.ActiveCfg = Release|Any CPU
		{12E52086-4E28-4BE5-8599-F8B0A8D23558}.Release|x64.Build.0 = Release|Any CPU
		{12E52086-4E28-4BE5-8599-F8B0A8D23558}.Release|x86.ActiveCfg = Release|Any CPU
		{12E52086-4E28-4BE5-8599-F8B0A8D23558}.Release|x86.Build.0 = Release|Any CPU
		{3C461E96-EEDC-4D04-8B0A-9018140F92CA}.Debug|Any CPU.ActiveCfg = Debug|Any CPU
		{3C461E96-EEDC-4D04-8B0A-9018140F92CA}.Debug|Any CPU.Build.0 = Debug|Any CPU
		{3C461E96-EEDC-4D04-8B0A-9018140F92CA}.Debug|x64.ActiveCfg = Debug|Any CPU
		{3C461E96-EEDC-4D04-8B0A-9018140F92CA}.Debug|x64.Build.0 = Debug|Any CPU
		{3C461E96-EEDC-4D04-8B0A-9018140F92CA}.Debug|x86.ActiveCfg = Debug|Any CPU
		{3C461E96-EEDC-4D04-8B0A-9018140F92CA}.Debug|x86.Build.0 = Debug|Any CPU
		{3C461E96-EEDC-4D04-8B0A-9018140F92CA}.Release|Any CPU.ActiveCfg = Release|Any CPU
		{3C461E96-EEDC-4D04-8B0A-9018140F92CA}.Release|Any CPU.Build.0 = Release|Any CPU
		{3C461E96-EEDC-4D04-8B0A-9018140F92CA}.Release|x64.ActiveCfg = Release|Any CPU
		{3C461E96-EEDC-4D04-8B0A-9018140F92CA}.Release|x64.Build.0 = Release|Any CPU
		{3C461E96-EEDC-4D04-8B0A-9018140F92CA}.Release|x86.ActiveCfg = Release|Any CPU
		{3C461E96-EEDC-4D04-8B0A-9018140F92CA}.Release|x86.Build.0 = Release|Any CPU
		{940A4CE0-CC48-4E55-BF26-966E7ACB7260}.Debug|Any CPU.ActiveCfg = Debug|Any CPU
		{940A4CE0-CC48-4E55-BF26-966E7ACB7260}.Debug|Any CPU.Build.0 = Debug|Any CPU
		{940A4CE0-CC48-4E55-BF26-966E7ACB7260}.Debug|x64.ActiveCfg = Debug|Any CPU
		{940A4CE0-CC48-4E55-BF26-966E7ACB7260}.Debug|x64.Build.0 = Debug|Any CPU
		{940A4CE0-CC48-4E55-BF26-966E7ACB7260}.Debug|x86.ActiveCfg = Debug|Any CPU
		{940A4CE0-CC48-4E55-BF26-966E7ACB7260}.Debug|x86.Build.0 = Debug|Any CPU
		{940A4CE0-CC48-4E55-BF26-966E7ACB7260}.Release|Any CPU.ActiveCfg = Release|Any CPU
		{940A4CE0-CC48-4E55-BF26-966E7ACB7260}.Release|Any CPU.Build.0 = Release|Any CPU
		{940A4CE0-CC48-4E55-BF26-966E7ACB7260}.Release|x64.ActiveCfg = Release|Any CPU
		{940A4CE0-CC48-4E55-BF26-966E7ACB7260}.Release|x64.Build.0 = Release|Any CPU
		{940A4CE0-CC48-4E55-BF26-966E7ACB7260}.Release|x86.ActiveCfg = Release|Any CPU
		{940A4CE0-CC48-4E55-BF26-966E7ACB7260}.Release|x86.Build.0 = Release|Any CPU
		{3B1E037D-E846-4E3F-A844-3AC98C837056}.Debug|Any CPU.ActiveCfg = Debug|Any CPU
		{3B1E037D-E846-4E3F-A844-3AC98C837056}.Debug|Any CPU.Build.0 = Debug|Any CPU
		{3B1E037D-E846-4E3F-A844-3AC98C837056}.Debug|x64.ActiveCfg = Debug|Any CPU
		{3B1E037D-E846-4E3F-A844-3AC98C837056}.Debug|x64.Build.0 = Debug|Any CPU
		{3B1E037D-E846-4E3F-A844-3AC98C837056}.Debug|x86.ActiveCfg = Debug|Any CPU
		{3B1E037D-E846-4E3F-A844-3AC98C837056}.Debug|x86.Build.0 = Debug|Any CPU
		{3B1E037D-E846-4E3F-A844-3AC98C837056}.Release|Any CPU.ActiveCfg = Release|Any CPU
		{3B1E037D-E846-4E3F-A844-3AC98C837056}.Release|Any CPU.Build.0 = Release|Any CPU
		{3B1E037D-E846-4E3F-A844-3AC98C837056}.Release|x64.ActiveCfg = Release|Any CPU
		{3B1E037D-E846-4E3F-A844-3AC98C837056}.Release|x64.Build.0 = Release|Any CPU
		{3B1E037D-E846-4E3F-A844-3AC98C837056}.Release|x86.ActiveCfg = Release|Any CPU
		{3B1E037D-E846-4E3F-A844-3AC98C837056}.Release|x86.Build.0 = Release|Any CPU
		{EEFEFD1F-444A-4083-A16B-4E036203B25E}.Debug|Any CPU.ActiveCfg = Debug|Any CPU
		{EEFEFD1F-444A-4083-A16B-4E036203B25E}.Debug|Any CPU.Build.0 = Debug|Any CPU
		{EEFEFD1F-444A-4083-A16B-4E036203B25E}.Debug|x64.ActiveCfg = Debug|Any CPU
		{EEFEFD1F-444A-4083-A16B-4E036203B25E}.Debug|x64.Build.0 = Debug|Any CPU
		{EEFEFD1F-444A-4083-A16B-4E036203B25E}.Debug|x86.ActiveCfg = Debug|Any CPU
		{EEFEFD1F-444A-4083-A16B-4E036203B25E}.Debug|x86.Build.0 = Debug|Any CPU
		{EEFEFD1F-444A-4083-A16B-4E036203B25E}.Release|Any CPU.ActiveCfg = Release|Any CPU
		{EEFEFD1F-444A-4083-A16B-4E036203B25E}.Release|Any CPU.Build.0 = Release|Any CPU
		{EEFEFD1F-444A-4083-A16B-4E036203B25E}.Release|x64.ActiveCfg = Release|Any CPU
		{EEFEFD1F-444A-4083-A16B-4E036203B25E}.Release|x64.Build.0 = Release|Any CPU
		{EEFEFD1F-444A-4083-A16B-4E036203B25E}.Release|x86.ActiveCfg = Release|Any CPU
		{EEFEFD1F-444A-4083-A16B-4E036203B25E}.Release|x86.Build.0 = Release|Any CPU
		{7F99DC96-8672-4BD1-A818-DE6B3A58DC8F}.Debug|Any CPU.ActiveCfg = Debug|Any CPU
		{7F99DC96-8672-4BD1-A818-DE6B3A58DC8F}.Debug|Any CPU.Build.0 = Debug|Any CPU
		{7F99DC96-8672-4BD1-A818-DE6B3A58DC8F}.Debug|x64.ActiveCfg = Debug|Any CPU
		{7F99DC96-8672-4BD1-A818-DE6B3A58DC8F}.Debug|x64.Build.0 = Debug|Any CPU
		{7F99DC96-8672-4BD1-A818-DE6B3A58DC8F}.Debug|x86.ActiveCfg = Debug|Any CPU
		{7F99DC96-8672-4BD1-A818-DE6B3A58DC8F}.Debug|x86.Build.0 = Debug|Any CPU
		{7F99DC96-8672-4BD1-A818-DE6B3A58DC8F}.Release|Any CPU.ActiveCfg = Release|Any CPU
		{7F99DC96-8672-4BD1-A818-DE6B3A58DC8F}.Release|Any CPU.Build.0 = Release|Any CPU
		{7F99DC96-8672-4BD1-A818-DE6B3A58DC8F}.Release|x64.ActiveCfg = Release|Any CPU
		{7F99DC96-8672-4BD1-A818-DE6B3A58DC8F}.Release|x64.Build.0 = Release|Any CPU
		{7F99DC96-8672-4BD1-A818-DE6B3A58DC8F}.Release|x86.ActiveCfg = Release|Any CPU
		{7F99DC96-8672-4BD1-A818-DE6B3A58DC8F}.Release|x86.Build.0 = Release|Any CPU
		{9223C8FB-8E70-4392-BFEA-F1A84D69AF7F}.Debug|Any CPU.ActiveCfg = Debug|Any CPU
		{9223C8FB-8E70-4392-BFEA-F1A84D69AF7F}.Debug|Any CPU.Build.0 = Debug|Any CPU
		{9223C8FB-8E70-4392-BFEA-F1A84D69AF7F}.Debug|x64.ActiveCfg = Debug|Any CPU
		{9223C8FB-8E70-4392-BFEA-F1A84D69AF7F}.Debug|x64.Build.0 = Debug|Any CPU
		{9223C8FB-8E70-4392-BFEA-F1A84D69AF7F}.Debug|x86.ActiveCfg = Debug|Any CPU
		{9223C8FB-8E70-4392-BFEA-F1A84D69AF7F}.Debug|x86.Build.0 = Debug|Any CPU
		{9223C8FB-8E70-4392-BFEA-F1A84D69AF7F}.Release|Any CPU.ActiveCfg = Release|Any CPU
		{9223C8FB-8E70-4392-BFEA-F1A84D69AF7F}.Release|Any CPU.Build.0 = Release|Any CPU
		{9223C8FB-8E70-4392-BFEA-F1A84D69AF7F}.Release|x64.ActiveCfg = Release|Any CPU
		{9223C8FB-8E70-4392-BFEA-F1A84D69AF7F}.Release|x64.Build.0 = Release|Any CPU
		{9223C8FB-8E70-4392-BFEA-F1A84D69AF7F}.Release|x86.ActiveCfg = Release|Any CPU
		{9223C8FB-8E70-4392-BFEA-F1A84D69AF7F}.Release|x86.Build.0 = Release|Any CPU
		{5D5B8B02-7492-41FB-8160-F45A5D8C2402}.Debug|Any CPU.ActiveCfg = Debug|Any CPU
		{5D5B8B02-7492-41FB-8160-F45A5D8C2402}.Debug|Any CPU.Build.0 = Debug|Any CPU
		{5D5B8B02-7492-41FB-8160-F45A5D8C2402}.Debug|x64.ActiveCfg = Debug|Any CPU
		{5D5B8B02-7492-41FB-8160-F45A5D8C2402}.Debug|x64.Build.0 = Debug|Any CPU
		{5D5B8B02-7492-41FB-8160-F45A5D8C2402}.Debug|x86.ActiveCfg = Debug|Any CPU
		{5D5B8B02-7492-41FB-8160-F45A5D8C2402}.Debug|x86.Build.0 = Debug|Any CPU
		{5D5B8B02-7492-41FB-8160-F45A5D8C2402}.Release|Any CPU.ActiveCfg = Release|Any CPU
		{5D5B8B02-7492-41FB-8160-F45A5D8C2402}.Release|Any CPU.Build.0 = Release|Any CPU
		{5D5B8B02-7492-41FB-8160-F45A5D8C2402}.Release|x64.ActiveCfg = Release|Any CPU
		{5D5B8B02-7492-41FB-8160-F45A5D8C2402}.Release|x64.Build.0 = Release|Any CPU
		{5D5B8B02-7492-41FB-8160-F45A5D8C2402}.Release|x86.ActiveCfg = Release|Any CPU
		{5D5B8B02-7492-41FB-8160-F45A5D8C2402}.Release|x86.Build.0 = Release|Any CPU
		{AABC1586-70B6-4224-AA30-4F64833EC18A}.Debug|Any CPU.ActiveCfg = Debug|Any CPU
		{AABC1586-70B6-4224-AA30-4F64833EC18A}.Debug|Any CPU.Build.0 = Debug|Any CPU
		{AABC1586-70B6-4224-AA30-4F64833EC18A}.Debug|x64.ActiveCfg = Debug|Any CPU
		{AABC1586-70B6-4224-AA30-4F64833EC18A}.Debug|x64.Build.0 = Debug|Any CPU
		{AABC1586-70B6-4224-AA30-4F64833EC18A}.Debug|x86.ActiveCfg = Debug|Any CPU
		{AABC1586-70B6-4224-AA30-4F64833EC18A}.Debug|x86.Build.0 = Debug|Any CPU
		{AABC1586-70B6-4224-AA30-4F64833EC18A}.Release|Any CPU.ActiveCfg = Release|Any CPU
		{AABC1586-70B6-4224-AA30-4F64833EC18A}.Release|Any CPU.Build.0 = Release|Any CPU
		{AABC1586-70B6-4224-AA30-4F64833EC18A}.Release|x64.ActiveCfg = Release|Any CPU
		{AABC1586-70B6-4224-AA30-4F64833EC18A}.Release|x64.Build.0 = Release|Any CPU
		{AABC1586-70B6-4224-AA30-4F64833EC18A}.Release|x86.ActiveCfg = Release|Any CPU
		{AABC1586-70B6-4224-AA30-4F64833EC18A}.Release|x86.Build.0 = Release|Any CPU
		{5E7921A7-A858-4A2F-BF17-FB76D74A9025}.Debug|Any CPU.ActiveCfg = Debug|Any CPU
		{5E7921A7-A858-4A2F-BF17-FB76D74A9025}.Debug|Any CPU.Build.0 = Debug|Any CPU
		{5E7921A7-A858-4A2F-BF17-FB76D74A9025}.Debug|x64.ActiveCfg = Debug|Any CPU
		{5E7921A7-A858-4A2F-BF17-FB76D74A9025}.Debug|x64.Build.0 = Debug|Any CPU
		{5E7921A7-A858-4A2F-BF17-FB76D74A9025}.Debug|x86.ActiveCfg = Debug|Any CPU
		{5E7921A7-A858-4A2F-BF17-FB76D74A9025}.Debug|x86.Build.0 = Debug|Any CPU
		{5E7921A7-A858-4A2F-BF17-FB76D74A9025}.Release|Any CPU.ActiveCfg = Release|Any CPU
		{5E7921A7-A858-4A2F-BF17-FB76D74A9025}.Release|Any CPU.Build.0 = Release|Any CPU
		{5E7921A7-A858-4A2F-BF17-FB76D74A9025}.Release|x64.ActiveCfg = Release|Any CPU
		{5E7921A7-A858-4A2F-BF17-FB76D74A9025}.Release|x64.Build.0 = Release|Any CPU
		{5E7921A7-A858-4A2F-BF17-FB76D74A9025}.Release|x86.ActiveCfg = Release|Any CPU
		{5E7921A7-A858-4A2F-BF17-FB76D74A9025}.Release|x86.Build.0 = Release|Any CPU
	EndGlobalSection
	GlobalSection(SolutionProperties) = preSolution
		HideSolutionNode = FALSE
	EndGlobalSection
	GlobalSection(NestedProjects) = preSolution
		{0ADDC860-D8B1-4C6D-8840-EAF39A2B7479} = {827E0CD3-B72D-47B6-A68D-7590B98EB39B}
		{8418C3FE-C688-462B-9C7E-7F05D39E366E} = {0AB3BF05-4346-4AA6-1389-037BE0695223}
		{E7200311-F8B8-402E-9514-A8634EEC9BF7} = {827E0CD3-B72D-47B6-A68D-7590B98EB39B}
		{96E985FC-8EC1-4A85-9CAD-B4CC46006850} = {0AB3BF05-4346-4AA6-1389-037BE0695223}
		{86391A6B-2912-4C87-BF7A-F975E0F6A147} = {827E0CD3-B72D-47B6-A68D-7590B98EB39B}
		{557075BA-4790-4F6B-82EC-156872D5D2E6} = {0AB3BF05-4346-4AA6-1389-037BE0695223}
		{17133389-6004-4C20-8C85-1AFDD2F809D6} = {827E0CD3-B72D-47B6-A68D-7590B98EB39B}
		{E744D077-A616-463D-9559-88E1EFE445F9} = {827E0CD3-B72D-47B6-A68D-7590B98EB39B}
		{12E52086-4E28-4BE5-8599-F8B0A8D23558} = {0AB3BF05-4346-4AA6-1389-037BE0695223}
		{3C461E96-EEDC-4D04-8B0A-9018140F92CA} = {0AB3BF05-4346-4AA6-1389-037BE0695223}
		{940A4CE0-CC48-4E55-BF26-966E7ACB7260} = {827E0CD3-B72D-47B6-A68D-7590B98EB39B}
		{3B1E037D-E846-4E3F-A844-3AC98C837056} = {0AB3BF05-4346-4AA6-1389-037BE0695223}
		{EEFEFD1F-444A-4083-A16B-4E036203B25E} = {827E0CD3-B72D-47B6-A68D-7590B98EB39B}
		{7F99DC96-8672-4BD1-A818-DE6B3A58DC8F} = {0AB3BF05-4346-4AA6-1389-037BE0695223}
		{9223C8FB-8E70-4392-BFEA-F1A84D69AF7F} = {827E0CD3-B72D-47B6-A68D-7590B98EB39B}
		{5D5B8B02-7492-41FB-8160-F45A5D8C2402} = {0AB3BF05-4346-4AA6-1389-037BE0695223}
		{AABC1586-70B6-4224-AA30-4F64833EC18A} = {827E0CD3-B72D-47B6-A68D-7590B98EB39B}
		{5E7921A7-A858-4A2F-BF17-FB76D74A9025} = {0AB3BF05-4346-4AA6-1389-037BE0695223}
	EndGlobalSection
EndGlobal
